
Microsoft Visual Studio Solution File, Format Version 12.00
# Visual Studio Version 17
VisualStudioVersion = 17.1.32228.430
MinimumVisualStudioVersion = 10.0.40219.1
Project("{FAE04EC0-301F-11D3-BF4B-00C04F79EFBC}") = "GymBokningApp.Web", "GymBokningApp.Web\GymBokningApp.Web.csproj", "{C485EE10-CC17-45E8-9939-A3669584987D}"
EndProject
Project("{FAE04EC0-301F-11D3-BF4B-00C04F79EFBC}") = "GymBokningApp.Core", "GymBokningApp.Core\GymBokningApp.Core.csproj", "{EA0E387F-344F-4D53-A8CF-B9032E0A73DA}"
EndProject
Global
	GlobalSection(SolutionConfigurationPlatforms) = preSolution
		Debug|Any CPU = Debug|Any CPU
		Release|Any CPU = Release|Any CPU
	EndGlobalSection
	GlobalSection(ProjectConfigurationPlatforms) = postSolution
		{C485EE10-CC17-45E8-9939-A3669584987D}.Debug|Any CPU.ActiveCfg = Debug|Any CPU
		{C485EE10-CC17-45E8-9939-A3669584987D}.Debug|Any CPU.Build.0 = Debug|Any CPU
		{C485EE10-CC17-45E8-9939-A3669584987D}.Release|Any CPU.ActiveCfg = Release|Any CPU
		{C485EE10-CC17-45E8-9939-A3669584987D}.Release|Any CPU.Build.0 = Release|Any CPU
		{EA0E387F-344F-4D53-A8CF-B9032E0A73DA}.Debug|Any CPU.ActiveCfg = Debug|Any CPU
		{EA0E387F-344F-4D53-A8CF-B9032E0A73DA}.Debug|Any CPU.Build.0 = Debug|Any CPU
		{EA0E387F-344F-4D53-A8CF-B9032E0A73DA}.Release|Any CPU.ActiveCfg = Release|Any CPU
		{EA0E387F-344F-4D53-A8CF-B9032E0A73DA}.Release|Any CPU.Build.0 = Release|Any CPU
	EndGlobalSection
	GlobalSection(SolutionProperties) = preSolution
		HideSolutionNode = FALSE
	EndGlobalSection
	GlobalSection(ExtensibilityGlobals) = postSolution
		SolutionGuid = {1F7BE8FE-61F7-4C0B-84E3-59018D2E9C6E}
	EndGlobalSection
EndGlobal
